PODS:
  - f_util (0.0.1):
    - Flutter
  - Flutter (1.0.0)

DEPENDENCIES:
  - f_util (from `.symlinks/plugins/f_util/ios`)
  - Flutter (from `Flutter`)

EXTERNAL SOURCES:
  f_util:
    :path: ".symlinks/plugins/f_util/ios"
  Flutter:
    :path: Flutter

SPEC CHECKSUMS:
  f_util: f908dfff3d15bcd9350edbf9796adb0492640a98
  Flutter: 0e3d915762c693b495b44d77113d4970485de6ec

PODFILE CHECKSUM: aafe91acc616949ddb318b77800a7f51bffa2a4c

COCOAPODS: 1.9.3
